
Microsoft Visual Studio Solution File, Format Version 12.00
# Visual Studio Version 18
VisualStudioVersion = 18.0.11123.170
MinimumVisualStudioVersion = 10.0.40219.1
Project("{FAE04EC0-301F-11D3-BF4B-00C04F79EFBC}") = "ObjectIR.Core", "src\ObjectIR.Core\ObjectIR.Core.csproj", "{A1B2C3D4-E5F6-7890-ABCD-EF1234567890}"
EndProject
Project("{FAE04EC0-301F-11D3-BF4B-00C04F79EFBC}") = "ObjectIR.CSharpTests", "ObjectIR.CSharpTests\ObjectIR.CSharpTests.csproj", "{071755F5-8656-4AE4-938C-BB98DCCB7E7D}"
EndProject
Project("{FAE04EC0-301F-11D3-BF4B-00C04F79EFBC}") = "ObjectIR.CSharpBackend", "ObjectIR.CSharpBackend\ObjectIR.CSharpBackend.csproj", "{78079ECB-967F-47AD-8536-DD31631CB7D7}"
EndProject
Project("{FAE04EC0-301F-11D3-BF4B-00C04F79EFBC}") = "ObjectIR.Tools", "ObjectIR.Tools\ObjectIR.Tools.csproj", "{C6905BEE-5992-4377-BD80-7024CFD5EF95}"
EndProject
Project("{FAE04EC0-301F-11D3-BF4B-00C04F79EFBC}") = "ObjectIR.Examples", "ObjectIR.Examples\ObjectIR.Examples.csproj", "{0EF3E2E0-B453-4343-9A63-8F364FFE14BD}"
EndProject
Global
	GlobalSection(SolutionConfigurationPlatforms) = preSolution
		Debug|Any CPU = Debug|Any CPU
		Debug|x64 = Debug|x64
		Debug|x86 = Debug|x86
		Release|Any CPU = Release|Any CPU
		Release|x64 = Release|x64
		Release|x86 = Release|x86
	EndGlobalSection
	GlobalSection(ProjectConfigurationPlatforms) = postSolution
		{A1B2C3D4-E5F6-7890-ABCD-EF1234567890}.Debug|Any CPU.ActiveCfg = Debug|Any CPU
		{A1B2C3D4-E5F6-7890-ABCD-EF1234567890}.Debug|Any CPU.Build.0 = Debug|Any CPU
		{A1B2C3D4-E5F6-7890-ABCD-EF1234567890}.Debug|x64.ActiveCfg = Debug|Any CPU
		{A1B2C3D4-E5F6-7890-ABCD-EF1234567890}.Debug|x64.Build.0 = Debug|Any CPU
		{A1B2C3D4-E5F6-7890-ABCD-EF1234567890}.Debug|x86.ActiveCfg = Debug|Any CPU
		{A1B2C3D4-E5F6-7890-ABCD-EF1234567890}.Debug|x86.Build.0 = Debug|Any CPU
		{A1B2C3D4-E5F6-7890-ABCD-EF1234567890}.Release|Any CPU.ActiveCfg = Release|Any CPU
		{A1B2C3D4-E5F6-7890-ABCD-EF1234567890}.Release|Any CPU.Build.0 = Release|Any CPU
		{A1B2C3D4-E5F6-7890-ABCD-EF1234567890}.Release|x64.ActiveCfg = Release|Any CPU
		{A1B2C3D4-E5F6-7890-ABCD-EF1234567890}.Release|x64.Build.0 = Release|Any CPU
		{A1B2C3D4-E5F6-7890-ABCD-EF1234567890}.Release|x86.ActiveCfg = Release|Any CPU
		{A1B2C3D4-E5F6-7890-ABCD-EF1234567890}.Release|x86.Build.0 = Release|Any CPU
		{071755F5-8656-4AE4-938C-BB98DCCB7E7D}.Debug|Any CPU.ActiveCfg = Debug|Any CPU
		{071755F5-8656-4AE4-938C-BB98DCCB7E7D}.Debug|Any CPU.Build.0 = Debug|Any CPU
		{071755F5-8656-4AE4-938C-BB98DCCB7E7D}.Debug|x64.ActiveCfg = Debug|Any CPU
		{071755F5-8656-4AE4-938C-BB98DCCB7E7D}.Debug|x64.Build.0 = Debug|Any CPU
		{071755F5-8656-4AE4-938C-BB98DCCB7E7D}.Debug|x86.ActiveCfg = Debug|Any CPU
		{071755F5-8656-4AE4-938C-BB98DCCB7E7D}.Debug|x86.Build.0 = Debug|Any CPU
		{071755F5-8656-4AE4-938C-BB98DCCB7E7D}.Release|Any CPU.ActiveCfg = Release|Any CPU
		{071755F5-8656-4AE4-938C-BB98DCCB7E7D}.Release|Any CPU.Build.0 = Release|Any CPU
		{071755F5-8656-4AE4-938C-BB98DCCB7E7D}.Release|x64.ActiveCfg = Release|Any CPU
		{071755F5-8656-4AE4-938C-BB98DCCB7E7D}.Release|x64.Build.0 = Release|Any CPU
		{071755F5-8656-4AE4-938C-BB98DCCB7E7D}.Release|x86.ActiveCfg = Release|Any CPU
		{071755F5-8656-4AE4-938C-BB98DCCB7E7D}.Release|x86.Build.0 = Release|Any CPU
		{78079ECB-967F-47AD-8536-DD31631CB7D7}.Debug|Any CPU.ActiveCfg = Debug|Any CPU
		{78079ECB-967F-47AD-8536-DD31631CB7D7}.Debug|Any CPU.Build.0 = Debug|Any CPU
		{78079ECB-967F-47AD-8536-DD31631CB7D7}.Debug|x64.ActiveCfg = Debug|Any CPU
		{78079ECB-967F-47AD-8536-DD31631CB7D7}.Debug|x64.Build.0 = Debug|Any CPU
		{78079ECB-967F-47AD-8536-DD31631CB7D7}.Debug|x86.ActiveCfg = Debug|Any CPU
		{78079ECB-967F-47AD-8536-DD31631CB7D7}.Debug|x86.Build.0 = Debug|Any CPU
		{78079ECB-967F-47AD-8536-DD31631CB7D7}.Release|Any CPU.ActiveCfg = Release|Any CPU
		{78079ECB-967F-47AD-8536-DD31631CB7D7}.Release|Any CPU.Build.0 = Release|Any CPU
		{78079ECB-967F-47AD-8536-DD31631CB7D7}.Release|x64.ActiveCfg = Release|Any CPU
		{78079ECB-967F-47AD-8536-DD31631CB7D7}.Release|x64.Build.0 = Release|Any CPU
		{78079ECB-967F-47AD-8536-DD31631CB7D7}.Release|x86.ActiveCfg = Release|Any CPU
		{78079ECB-967F-47AD-8536-DD31631CB7D7}.Release|x86.Build.0 = Release|Any CPU
		{C6905BEE-5992-4377-BD80-7024CFD5EF95}.Debug|Any CPU.ActiveCfg = Debug|Any CPU
		{C6905BEE-5992-4377-BD80-7024CFD5EF95}.Debug|Any CPU.Build.0 = Debug|Any CPU
		{C6905BEE-5992-4377-BD80-7024CFD5EF95}.Debug|x64.ActiveCfg = Debug|Any CPU
		{C6905BEE-5992-4377-BD80-7024CFD5EF95}.Debug|x64.Build.0 = Debug|Any CPU
		{C6905BEE-5992-4377-BD80-7024CFD5EF95}.Debug|x86.ActiveCfg = Debug|Any CPU
		{C6905BEE-5992-4377-BD80-7024CFD5EF95}.Debug|x86.Build.0 = Debug|Any CPU
		{C6905BEE-5992-4377-BD80-7024CFD5EF95}.Release|Any CPU.ActiveCfg = Release|Any CPU
		{C6905BEE-5992-4377-BD80-7024CFD5EF95}.Release|Any CPU.Build.0 = Release|Any CPU
		{C6905BEE-5992-4377-BD80-7024CFD5EF95}.Release|x64.ActiveCfg = Release|Any CPU
		{C6905BEE-5992-4377-BD80-7024CFD5EF95}.Release|x64.Build.0 = Release|Any CPU
		{C6905BEE-5992-4377-BD80-7024CFD5EF95}.Release|x86.ActiveCfg = Release|Any CPU
		{C6905BEE-5992-4377-BD80-7024CFD5EF95}.Release|x86.Build.0 = Release|Any CPU
		{0EF3E2E0-B453-4343-9A63-8F364FFE14BD}.Debug|Any CPU.ActiveCfg = Debug|Any CPU
		{0EF3E2E0-B453-4343-9A63-8F364FFE14BD}.Debug|Any CPU.Build.0 = Debug|Any CPU
		{0EF3E2E0-B453-4343-9A63-8F364FFE14BD}.Debug|x64.ActiveCfg = Debug|Any CPU
		{0EF3E2E0-B453-4343-9A63-8F364FFE14BD}.Debug|x64.Build.0 = Debug|Any CPU
		{0EF3E2E0-B453-4343-9A63-8F364FFE14BD}.Debug|x86.ActiveCfg = Debug|Any CPU
		{0EF3E2E0-B453-4343-9A63-8F364FFE14BD}.Debug|x86.Build.0 = Debug|Any CPU
		{0EF3E2E0-B453-4343-9A63-8F364FFE14BD}.Release|Any CPU.ActiveCfg = Release|Any CPU
		{0EF3E2E0-B453-4343-9A63-8F364FFE14BD}.Release|Any CPU.Build.0 = Release|Any CPU
		{0EF3E2E0-B453-4343-9A63-8F364FFE14BD}.Release|x64.ActiveCfg = Release|Any CPU
		{0EF3E2E0-B453-4343-9A63-8F364FFE14BD}.Release|x64.Build.0 = Release|Any CPU
		{0EF3E2E0-B453-4343-9A63-8F364FFE14BD}.Release|x86.ActiveCfg = Release|Any CPU
		{0EF3E2E0-B453-4343-9A63-8F364FFE14BD}.Release|x86.Build.0 = Release|Any CPU
	EndGlobalSection
	GlobalSection(SolutionProperties) = preSolution
		HideSolutionNode = FALSE
	EndGlobalSection
	GlobalSection(ExtensibilityGlobals) = postSolution
		SolutionGuid = {B9B56422-FC28-47B4-891E-B2D51B50B34A}
	EndGlobalSection
EndGlobal
