
Microsoft Visual Studio Solution File, Format Version 12.00
# Visual Studio Version 17
VisualStudioVersion = 17.0.31903.59
MinimumVisualStudioVersion = 10.0.40219.1
Project("{2150E333-8FDC-42A3-9474-1A3956D46DE8}") = "src", "src", "{827E0CD3-B72D-47B6-A68D-7590B98EB39B}"
EndProject
Project("{FAE04EC0-301F-11D3-BF4B-00C04F79EFBC}") = "ObjectIR.Core", "src\ObjectIR.Core\ObjectIR.Core.csproj", "{2986EBD1-9252-4E3B-A01C-BD015BE8ADAE}"
EndProject
Project("{FAE04EC0-301F-11D3-BF4B-00C04F79EFBC}") = "ObjectIR.CSharpTests", "src\ObjectIR.CSharpTests\ObjectIR.CSharpTests.csproj", "{305459E5-B2B9-4E9C-ADCB-0A1FDF788622}"
EndProject
Project("{FAE04EC0-301F-11D3-BF4B-00C04F79EFBC}") = "ObjectIR.Runtime.Wrapper", "src\ObjectIR.Runtime.Wrapper\ObjectIR.Runtime.Wrapper.csproj", "{6505F622-4069-4CC4-A7F2-6BE1D0BBAFCE}"
EndProject
Project("{FAE04EC0-301F-11D3-BF4B-00C04F79EFBC}") = "ObjectIR.Tools", "src\ObjectIR.Tools\ObjectIR.Tools.csproj", "{C1EA6AB5-3F3F-404E-BC09-5E57FFD2CE0B}"
EndProject
Project("{FAE04EC0-301F-11D3-BF4B-00C04F79EFBC}") = "ObjectIR.CSharpBackend", "src\ObjectIR.CSharpBackend\ObjectIR.CSharpBackend.csproj", "{D7EBFDEC-F6D3-46CB-BA48-42F0FE3CD8F8}"
EndProject
Project("{2150E333-8FDC-42A3-9474-1A3956D46DE8}") = "OIRRuntime", "OIRRuntime", "{511915AB-5FB1-E07A-8F8C-B509B4C75722}"
EndProject
Project("{FAE04EC0-301F-11D3-BF4B-00C04F79EFBC}") = "OIRuntime", "src\OIRRuntime\OIRuntime.csproj", "{CB9807D0-CA09-4E00-94AB-79E839204B97}"
EndProject
Project("{FAE04EC0-301F-11D3-BF4B-00C04F79EFBC}") = "OIFortran", "src\OIFortran\OIFortran.csproj", "{9B638171-E277-45EB-9461-5BC41725C42E}"
EndProject
Project("{FAE04EC0-301F-11D3-BF4B-00C04F79EFBC}") = "ObjectIR.ContractFrontend", "src\ObjectIR.ContractFrontend\ObjectIR.ContractFrontend.csproj", "{A5A4C6E1-3B8A-4F7E-9F6F-123456789ABC}"
EndProject
Global
	GlobalSection(SolutionConfigurationPlatforms) = preSolution
		Debug|Any CPU = Debug|Any CPU
		Debug|x64 = Debug|x64
		Debug|x86 = Debug|x86
		Release|Any CPU = Release|Any CPU
		Release|x64 = Release|x64
		Release|x86 = Release|x86
	EndGlobalSection
	GlobalSection(ProjectConfigurationPlatforms) = postSolution
		{2986EBD1-9252-4E3B-A01C-BD015BE8ADAE}.Debug|Any CPU.ActiveCfg = Debug|Any CPU
		{2986EBD1-9252-4E3B-A01C-BD015BE8ADAE}.Debug|Any CPU.Build.0 = Debug|Any CPU
		{2986EBD1-9252-4E3B-A01C-BD015BE8ADAE}.Debug|x64.ActiveCfg = Debug|Any CPU
		{2986EBD1-9252-4E3B-A01C-BD015BE8ADAE}.Debug|x64.Build.0 = Debug|Any CPU
		{2986EBD1-9252-4E3B-A01C-BD015BE8ADAE}.Debug|x86.ActiveCfg = Debug|Any CPU
		{2986EBD1-9252-4E3B-A01C-BD015BE8ADAE}.Debug|x86.Build.0 = Debug|Any CPU
		{2986EBD1-9252-4E3B-A01C-BD015BE8ADAE}.Release|Any CPU.ActiveCfg = Release|Any CPU
		{2986EBD1-9252-4E3B-A01C-BD015BE8ADAE}.Release|Any CPU.Build.0 = Release|Any CPU
		{2986EBD1-9252-4E3B-A01C-BD015BE8ADAE}.Release|x64.ActiveCfg = Release|Any CPU
		{2986EBD1-9252-4E3B-A01C-BD015BE8ADAE}.Release|x64.Build.0 = Release|Any CPU
		{2986EBD1-9252-4E3B-A01C-BD015BE8ADAE}.Release|x86.ActiveCfg = Release|Any CPU
		{2986EBD1-9252-4E3B-A01C-BD015BE8ADAE}.Release|x86.Build.0 = Release|Any CPU
		{305459E5-B2B9-4E9C-ADCB-0A1FDF788622}.Debug|Any CPU.ActiveCfg = Debug|Any CPU
		{305459E5-B2B9-4E9C-ADCB-0A1FDF788622}.Debug|Any CPU.Build.0 = Debug|Any CPU
		{305459E5-B2B9-4E9C-ADCB-0A1FDF788622}.Debug|x64.ActiveCfg = Debug|Any CPU
		{305459E5-B2B9-4E9C-ADCB-0A1FDF788622}.Debug|x64.Build.0 = Debug|Any CPU
		{305459E5-B2B9-4E9C-ADCB-0A1FDF788622}.Debug|x86.ActiveCfg = Debug|Any CPU
		{305459E5-B2B9-4E9C-ADCB-0A1FDF788622}.Debug|x86.Build.0 = Debug|Any CPU
		{305459E5-B2B9-4E9C-ADCB-0A1FDF788622}.Release|Any CPU.ActiveCfg = Release|Any CPU
		{305459E5-B2B9-4E9C-ADCB-0A1FDF788622}.Release|Any CPU.Build.0 = Release|Any CPU
		{305459E5-B2B9-4E9C-ADCB-0A1FDF788622}.Release|x64.ActiveCfg = Release|Any CPU
		{305459E5-B2B9-4E9C-ADCB-0A1FDF788622}.Release|x64.Build.0 = Release|Any CPU
		{305459E5-B2B9-4E9C-ADCB-0A1FDF788622}.Release|x86.ActiveCfg = Release|Any CPU
		{305459E5-B2B9-4E9C-ADCB-0A1FDF788622}.Release|x86.Build.0 = Release|Any CPU
		{6505F622-4069-4CC4-A7F2-6BE1D0BBAFCE}.Debug|Any CPU.ActiveCfg = Debug|Any CPU
		{6505F622-4069-4CC4-A7F2-6BE1D0BBAFCE}.Debug|Any CPU.Build.0 = Debug|Any CPU
		{6505F622-4069-4CC4-A7F2-6BE1D0BBAFCE}.Debug|x64.ActiveCfg = Debug|Any CPU
		{6505F622-4069-4CC4-A7F2-6BE1D0BBAFCE}.Debug|x64.Build.0 = Debug|Any CPU
		{6505F622-4069-4CC4-A7F2-6BE1D0BBAFCE}.Debug|x86.ActiveCfg = Debug|Any CPU
		{6505F622-4069-4CC4-A7F2-6BE1D0BBAFCE}.Debug|x86.Build.0 = Debug|Any CPU
		{6505F622-4069-4CC4-A7F2-6BE1D0BBAFCE}.Release|Any CPU.ActiveCfg = Release|Any CPU
		{6505F622-4069-4CC4-A7F2-6BE1D0BBAFCE}.Release|Any CPU.Build.0 = Release|Any CPU
		{6505F622-4069-4CC4-A7F2-6BE1D0BBAFCE}.Release|x64.ActiveCfg = Release|Any CPU
		{6505F622-4069-4CC4-A7F2-6BE1D0BBAFCE}.Release|x64.Build.0 = Release|Any CPU
		{6505F622-4069-4CC4-A7F2-6BE1D0BBAFCE}.Release|x86.ActiveCfg = Release|Any CPU
		{6505F622-4069-4CC4-A7F2-6BE1D0BBAFCE}.Release|x86.Build.0 = Release|Any CPU
		{C1EA6AB5-3F3F-404E-BC09-5E57FFD2CE0B}.Debug|Any CPU.ActiveCfg = Debug|Any CPU
		{C1EA6AB5-3F3F-404E-BC09-5E57FFD2CE0B}.Debug|Any CPU.Build.0 = Debug|Any CPU
		{C1EA6AB5-3F3F-404E-BC09-5E57FFD2CE0B}.Debug|x64.ActiveCfg = Debug|Any CPU
		{C1EA6AB5-3F3F-404E-BC09-5E57FFD2CE0B}.Debug|x64.Build.0 = Debug|Any CPU
		{C1EA6AB5-3F3F-404E-BC09-5E57FFD2CE0B}.Debug|x86.ActiveCfg = Debug|Any CPU
		{C1EA6AB5-3F3F-404E-BC09-5E57FFD2CE0B}.Debug|x86.Build.0 = Debug|Any CPU
		{C1EA6AB5-3F3F-404E-BC09-5E57FFD2CE0B}.Release|Any CPU.ActiveCfg = Release|Any CPU
		{C1EA6AB5-3F3F-404E-BC09-5E57FFD2CE0B}.Release|Any CPU.Build.0 = Release|Any CPU
		{C1EA6AB5-3F3F-404E-BC09-5E57FFD2CE0B}.Release|x64.ActiveCfg = Release|Any CPU
		{C1EA6AB5-3F3F-404E-BC09-5E57FFD2CE0B}.Release|x64.Build.0 = Release|Any CPU
		{C1EA6AB5-3F3F-404E-BC09-5E57FFD2CE0B}.Release|x86.ActiveCfg = Release|Any CPU
		{C1EA6AB5-3F3F-404E-BC09-5E57FFD2CE0B}.Release|x86.Build.0 = Release|Any CPU
		{D7EBFDEC-F6D3-46CB-BA48-42F0FE3CD8F8}.Debug|Any CPU.ActiveCfg = Debug|Any CPU
		{D7EBFDEC-F6D3-46CB-BA48-42F0FE3CD8F8}.Debug|Any CPU.Build.0 = Debug|Any CPU
		{D7EBFDEC-F6D3-46CB-BA48-42F0FE3CD8F8}.Debug|x64.ActiveCfg = Debug|Any CPU
		{D7EBFDEC-F6D3-46CB-BA48-42F0FE3CD8F8}.Debug|x64.Build.0 = Debug|Any CPU
		{D7EBFDEC-F6D3-46CB-BA48-42F0FE3CD8F8}.Debug|x86.ActiveCfg = Debug|Any CPU
		{D7EBFDEC-F6D3-46CB-BA48-42F0FE3CD8F8}.Debug|x86.Build.0 = Debug|Any CPU
		{D7EBFDEC-F6D3-46CB-BA48-42F0FE3CD8F8}.Release|Any CPU.ActiveCfg = Release|Any CPU
		{D7EBFDEC-F6D3-46CB-BA48-42F0FE3CD8F8}.Release|Any CPU.Build.0 = Release|Any CPU
		{D7EBFDEC-F6D3-46CB-BA48-42F0FE3CD8F8}.Release|x64.ActiveCfg = Release|Any CPU
		{D7EBFDEC-F6D3-46CB-BA48-42F0FE3CD8F8}.Release|x64.Build.0 = Release|Any CPU
		{D7EBFDEC-F6D3-46CB-BA48-42F0FE3CD8F8}.Release|x86.ActiveCfg = Release|Any CPU
		{D7EBFDEC-F6D3-46CB-BA48-42F0FE3CD8F8}.Release|x86.Build.0 = Release|Any CPU
		{CB9807D0-CA09-4E00-94AB-79E839204B97}.Debug|Any CPU.ActiveCfg = Debug|Any CPU
		{CB9807D0-CA09-4E00-94AB-79E839204B97}.Debug|Any CPU.Build.0 = Debug|Any CPU
		{CB9807D0-CA09-4E00-94AB-79E839204B97}.Debug|x64.ActiveCfg = Debug|Any CPU
		{CB9807D0-CA09-4E00-94AB-79E839204B97}.Debug|x64.Build.0 = Debug|Any CPU
		{CB9807D0-CA09-4E00-94AB-79E839204B97}.Debug|x86.ActiveCfg = Debug|Any CPU
		{CB9807D0-CA09-4E00-94AB-79E839204B97}.Debug|x86.Build.0 = Debug|Any CPU
		{CB9807D0-CA09-4E00-94AB-79E839204B97}.Release|Any CPU.ActiveCfg = Release|Any CPU
		{CB9807D0-CA09-4E00-94AB-79E839204B97}.Release|Any CPU.Build.0 = Release|Any CPU
		{CB9807D0-CA09-4E00-94AB-79E839204B97}.Release|x64.ActiveCfg = Release|Any CPU
		{CB9807D0-CA09-4E00-94AB-79E839204B97}.Release|x64.Build.0 = Release|Any CPU
		{CB9807D0-CA09-4E00-94AB-79E839204B97}.Release|x86.ActiveCfg = Release|Any CPU
		{CB9807D0-CA09-4E00-94AB-79E839204B97}.Release|x86.Build.0 = Release|Any CPU
		{9B638171-E277-45EB-9461-5BC41725C42E}.Debug|Any CPU.ActiveCfg = Debug|Any CPU
		{9B638171-E277-45EB-9461-5BC41725C42E}.Debug|Any CPU.Build.0 = Debug|Any CPU
		{9B638171-E277-45EB-9461-5BC41725C42E}.Debug|x64.ActiveCfg = Debug|Any CPU
		{9B638171-E277-45EB-9461-5BC41725C42E}.Debug|x64.Build.0 = Debug|Any CPU
		{9B638171-E277-45EB-9461-5BC41725C42E}.Debug|x86.ActiveCfg = Debug|Any CPU
		{9B638171-E277-45EB-9461-5BC41725C42E}.Debug|x86.Build.0 = Debug|Any CPU
		{9B638171-E277-45EB-9461-5BC41725C42E}.Release|Any CPU.ActiveCfg = Release|Any CPU
		{9B638171-E277-45EB-9461-5BC41725C42E}.Release|Any CPU.Build.0 = Release|Any CPU
		{9B638171-E277-45EB-9461-5BC41725C42E}.Release|x64.ActiveCfg = Release|Any CPU
		{9B638171-E277-45EB-9461-5BC41725C42E}.Release|x64.Build.0 = Release|Any CPU
		{9B638171-E277-45EB-9461-5BC41725C42E}.Release|x86.ActiveCfg = Release|Any CPU
		{9B638171-E277-45EB-9461-5BC41725C42E}.Release|x86.Build.0 = Release|Any CPU
		{A5A4C6E1-3B8A-4F7E-9F6F-123456789ABC}.Debug|Any CPU.ActiveCfg = Debug|Any CPU
		{A5A4C6E1-3B8A-4F7E-9F6F-123456789ABC}.Debug|Any CPU.Build.0 = Debug|Any CPU
		{A5A4C6E1-3B8A-4F7E-9F6F-123456789ABC}.Debug|x64.ActiveCfg = Debug|Any CPU
		{A5A4C6E1-3B8A-4F7E-9F6F-123456789ABC}.Debug|x64.Build.0 = Debug|Any CPU
		{A5A4C6E1-3B8A-4F7E-9F6F-123456789ABC}.Debug|x86.ActiveCfg = Debug|Any CPU
		{A5A4C6E1-3B8A-4F7E-9F6F-123456789ABC}.Debug|x86.Build.0 = Debug|Any CPU
		{A5A4C6E1-3B8A-4F7E-9F6F-123456789ABC}.Release|Any CPU.ActiveCfg = Release|Any CPU
		{A5A4C6E1-3B8A-4F7E-9F6F-123456789ABC}.Release|Any CPU.Build.0 = Release|Any CPU
		{A5A4C6E1-3B8A-4F7E-9F6F-123456789ABC}.Release|x64.ActiveCfg = Release|Any CPU
		{A5A4C6E1-3B8A-4F7E-9F6F-123456789ABC}.Release|x64.Build.0 = Release|Any CPU
		{A5A4C6E1-3B8A-4F7E-9F6F-123456789ABC}.Release|x86.ActiveCfg = Release|Any CPU
		{A5A4C6E1-3B8A-4F7E-9F6F-123456789ABC}.Release|x86.Build.0 = Release|Any CPU
	EndGlobalSection
	GlobalSection(SolutionProperties) = preSolution
		HideSolutionNode = FALSE
	EndGlobalSection
	GlobalSection(NestedProjects) = preSolution
		{2986EBD1-9252-4E3B-A01C-BD015BE8ADAE} = {827E0CD3-B72D-47B6-A68D-7590B98EB39B}
		{305459E5-B2B9-4E9C-ADCB-0A1FDF788622} = {827E0CD3-B72D-47B6-A68D-7590B98EB39B}
		{6505F622-4069-4CC4-A7F2-6BE1D0BBAFCE} = {827E0CD3-B72D-47B6-A68D-7590B98EB39B}
		{C1EA6AB5-3F3F-404E-BC09-5E57FFD2CE0B} = {827E0CD3-B72D-47B6-A68D-7590B98EB39B}
		{D7EBFDEC-F6D3-46CB-BA48-42F0FE3CD8F8} = {827E0CD3-B72D-47B6-A68D-7590B98EB39B}
		{511915AB-5FB1-E07A-8F8C-B509B4C75722} = {827E0CD3-B72D-47B6-A68D-7590B98EB39B}
		{CB9807D0-CA09-4E00-94AB-79E839204B97} = {511915AB-5FB1-E07A-8F8C-B509B4C75722}
		{9B638171-E277-45EB-9461-5BC41725C42E} = {827E0CD3-B72D-47B6-A68D-7590B98EB39B}
		{A5A4C6E1-3B8A-4F7E-9F6F-123456789ABC} = {827E0CD3-B72D-47B6-A68D-7590B98EB39B}
	EndGlobalSection
EndGlobal
